# This file is generated by running "yarn install" inside your project.
# Manual changes might be lost - proceed with caution!

__metadata:
  version: 8
  cacheKey: 10c0

"fs@npm:^0.0.1-security":
  version: 0.0.1-security
  resolution: "fs@npm:0.0.1-security"
  checksum: e0c0b585ec6f7483d63d067215d9d6bb2e0dba5912060d32554c8e566a0e22ee65e4c2a2b0567476efbbfb47682554b4711d69cab49950d01f227a3dfa7d671a
  languageName: node
  linkType: hard

"inherits@npm:2.0.3":
  version: 2.0.3
  resolution: "inherits@npm:2.0.3"
  checksum: 6e56402373149ea076a434072671f9982f5fad030c7662be0332122fe6c0fa490acb3cc1010d90b6eff8d640b1167d77674add52dfd1bb85d545cf29e80e73e7
  languageName: node
  linkType: hard

"path@npm:^0.12.7":
  version: 0.12.7
  resolution: "path@npm:0.12.7"
  dependencies:
    process: "npm:^0.11.1"
    util: "npm:^0.10.3"
  checksum: f795ce5438a988a590c7b6dfd450ec9baa1c391a8be4c2dea48baa6e0f5b199e56cd83b8c9ebf3991b81bea58236d2c32bdafe2c17a2e70c3a2e4c69891ade59
  languageName: node
  linkType: hard

"process@npm:^0.11.1":
  version: 0.11.10
  resolution: "process@npm:0.11.10"
  checksum: 40c3ce4b7e6d4b8c3355479df77aeed46f81b279818ccdc500124e6a5ab882c0cc81ff7ea16384873a95a74c4570b01b120f287abbdd4c877931460eca6084b3
  languageName: node
  linkType: hard

"root-workspace-0b6124@workspace:.":
  version: 0.0.0-use.local
  resolution: "root-workspace-0b6124@workspace:."
  dependencies:
    fs: "npm:^0.0.1-security"
    path: "npm:^0.12.7"
  languageName: unknown
  linkType: soft

"util@npm:^0.10.3":
  version: 0.10.4
  resolution: "util@npm:0.10.4"
  dependencies:
    inherits: "npm:2.0.3"
  checksum: d29f6893e406b63b088ce9924da03201df89b31490d4d011f1c07a386ea4b3dbe907464c274023c237da470258e1805d806c7e4009a5974cd6b1d474b675852a
  languageName: node
  linkType: hard
